
Microsoft Visual Studio Solution File, Format Version 12.00
# Visual Studio Version 16
VisualStudioVersion = 16.0.29806.167
MinimumVisualStudioVersion = 10.0.40219.1
Project("{FAE04EC0-301F-11D3-BF4B-00C04F79EFBC}") = "vectorstruct", "vectorstruct.csproj", "{C1C170B4-D755-4011-BD4A-67919DD0A4EF}"
EndProject
Global
	GlobalSection(SolutionConfigurationPlatforms) = preSolution
		Debug|Any CPU = Debug|Any CPU
		Release|Any CPU = Release|Any CPU
	EndGlobalSection
	GlobalSection(ProjectConfigurationPlatforms) = postSolution
		{C1C170B4-D755-4011-BD4A-67919DD0A4EF}.Debug|Any CPU.ActiveCfg = Debug|Any CPU
		{C1C170B4-D755-4011-BD4A-67919DD0A4EF}.Debug|Any CPU.Build.0 = Debug|Any CPU
		{C1C170B4-D755-4011-BD4A-67919DD0A4EF}.Release|Any CPU.ActiveCfg = Release|Any CPU
		{C1C170B4-D755-4011-BD4A-67919DD0A4EF}.Release|Any CPU.Build.0 = Release|Any CPU
	EndGlobalSection
	GlobalSection(SolutionProperties) = preSolution
		HideSolutionNode = FALSE
	EndGlobalSection
	GlobalSection(ExtensibilityGlobals) = postSolution
		SolutionGuid = {2C300139-52AD-4A0D-93B3-2F9332FAC38B}
	EndGlobalSection
EndGlobal
